
Microsoft Visual Studio Solution File, Format Version 12.00
# Visual Studio Version 17
VisualStudioVersion = 17.7.34024.191
MinimumVisualStudioVersion = 10.0.40219.1
Project("{FAE04EC0-301F-11D3-BF4B-00C04F79EFBC}") = "Project_1", "Project_1\Project_1.csproj", "{418B8B22-62D3-49A8-BC8E-688F17222CA7}"
EndProject
Global
	GlobalSection(SolutionConfigurationPlatforms) = preSolution
		Debug|Any CPU = Debug|Any CPU
		Release|Any CPU = Release|Any CPU
	EndGlobalSection
	GlobalSection(ProjectConfigurationPlatforms) = postSolution
		{418B8B22-62D3-49A8-BC8E-688F17222CA7}.Debug|Any CPU.ActiveCfg = Debug|Any CPU
		{418B8B22-62D3-49A8-BC8E-688F17222CA7}.Debug|Any CPU.Build.0 = Debug|Any CPU
		{418B8B22-62D3-49A8-BC8E-688F17222CA7}.Release|Any CPU.ActiveCfg = Release|Any CPU
		{418B8B22-62D3-49A8-BC8E-688F17222CA7}.Release|Any CPU.Build.0 = Release|Any CPU
	EndGlobalSection
	GlobalSection(SolutionProperties) = preSolution
		HideSolutionNode = FALSE
	EndGlobalSection
	GlobalSection(ExtensibilityGlobals) = postSolution
		SolutionGuid = {B2EC9D37-A150-4F6B-B083-77FA86AA56B6}
	EndGlobalSection
EndGlobal
